// !$*UTF8*$!
{
	archiveVersion = 1;
	classes = {
	};
	objectVersion = 50;
	objects = {

/* Begin PBXBuildFile section */
		3EE1F34C24473437002223E4 /* AppDelegate.swift in Sources */ = {isa = PBXBuildFile; fileRef = 3EE1F34B24473437002223E4 /* AppDelegate.swift */; };
		3EE1F34E24473437002223E4 /* SceneDelegate.swift in Sources */ = {isa = PBXBuildFile; fileRef = 3EE1F34D24473437002223E4 /* SceneDelegate.swift */; };
		3EE1F35024473437002223E4 /* ViewController.swift in Sources */ = {isa = PBXBuildFile; fileRef = 3EE1F34F24473437002223E4 /* ViewController.swift */; };
		3EE1F35324473437002223E4 /* Main.storyboard in Resources */ = {isa = PBXBuildFile; fileRef = 3EE1F35124473437002223E4 /* Main.storyboard */; };
		3EE1F35524473438002223E4 /* Assets.xcassets in Resources */ = {isa = PBXBuildFile; fileRef = 3EE1F35424473438002223E4 /* Assets.xcassets */; };
		3EE1F35824473438002223E4 /* LaunchScreen.storyboard in Resources */ = {isa = PBXBuildFile; fileRef = 3EE1F35624473438002223E4 /* LaunchScreen.storyboard */; };
		3EE1F360244896E1002223E4 /* CardModel.swift in Sources */ = {isa = PBXBuildFile; fileRef = 3EE1F35F244896E1002223E4 /* CardModel.swift */; };
		3EE1F3622448A34D002223E4 /* Card.swift in Sources */ = {isa = PBXBuildFile; fileRef = 3EE1F3612448A34D002223E4 /* Card.swift */; };
/* End PBXBuildFile section */

/* Begin PBXFileReference section */
		3EE1F34824473437002223E4 /* Card Match.app */ = {isa = PBXFileReference; explicitFileType = wrapper.application; includeInIndex = 0; path = "Card Match.app"; sourceTree = BUILT_PRODUCTS_DIR; };
		3EE1F34B24473437002223E4 /* AppDelegate.swift */ = {isa = PBXFileReference; lastKnownFileType = sourcecode.swift; path = AppDelegate.swift; sourceTree = "<group>"; };
		3EE1F34D24473437002223E4 /* SceneDelegate.swift */ = {isa = PBXFileReference; lastKnownFileType = sourcecode.swift; path = SceneDelegate.swift; sourceTree = "<group>"; };
		3EE1F34F24473437002223E4 /* ViewController.swift */ = {isa = PBXFileReference; lastKnownFileType = sourcecode.swift; path = ViewController.swift; sourceTree = "<group>"; };
		3EE1F35224473437002223E4 /* Base */ = {isa = PBXFileReference; lastKnownFileType = file.storyboard; name = Base; path = Base.lproj/Main.storyboard; sourceTree = "<group>"; };
		3EE1F35424473438002223E4 /* Assets.xcassets */ = {isa = PBXFileReference; lastKnownFileType = folder.assetcatalog; path = Assets.xcassets; sourceTree = "<group>"; };
		3EE1F35724473438002223E4 /* Base */ = {isa = PBXFileReference; lastKnownFileType = file.storyboard; name = Base; path = Base.lproj/LaunchScreen.storyboard; sourceTree = "<group>"; };
		3EE1F35924473438002223E4 /* Info.plist */ = {isa = PBXFileReference; lastKnownFileType = text.plist.xml; path = Info.plist; sourceTree = "<group>"; };
		3EE1F35F244896E1002223E4 /* CardModel.swift */ = {isa = PBXFileReference; lastKnownFileType = sourcecode.swift; path = CardModel.swift; sourceTree = "<group>"; };
		3EE1F3612448A34D002223E4 /* Card.swift */ = {isa = PBXFileReference; lastKnownFileType = sourcecode.swift; path = Card.swift; sourceTree = "<group>"; };
/* End PBXFileReference section */

/* Begin PBXFrameworksBuildPhase section */
		3EE1F34524473437002223E4 /* Frameworks */ = {
			isa = PBXFrameworksBuildPhase;
			buildActionMask = 2147483647;
			files = (
			);
			runOnlyForDeploymentPostprocessing = 0;
		};
/* End PBXFrameworksBuildPhase section */

/* Begin PBXGroup section */
		3EE1F33F24473437002223E4 = {
			isa = PBXGroup;
			children = (
				3EE1F34A24473437002223E4 /* Card Match */,
				3EE1F34924473437002223E4 /* Products */,
			);
			sourceTree = "<group>";
		};
		3EE1F34924473437002223E4 /* Products */ = {
			isa = PBXGroup;
			children = (
				3EE1F34824473437002223E4 /* Card Match.app */,
			);
			name = Products;
			sourceTree = "<group>";
		};
		3EE1F34A24473437002223E4 /* Card Match */ = {
			isa = PBXGroup;
			children = (
				3EE1F34B24473437002223E4 /* AppDelegate.swift */,
				3EE1F34D24473437002223E4 /* SceneDelegate.swift */,
				3EE1F34F24473437002223E4 /* ViewController.swift */,
				3EE1F35F244896E1002223E4 /* CardModel.swift */,
				3EE1F3612448A34D002223E4 /* Card.swift */,
				3EE1F35124473437002223E4 /* Main.storyboard */,
				3EE1F35424473438002223E4 /* Assets.xcassets */,
				3EE1F35624473438002223E4 /* LaunchScreen.storyboard */,
				3EE1F35924473438002223E4 /* Info.plist */,
			);
			path = "Card Match";
			sourceTree = "<group>";
		};
/* End PBXGroup section */

/* Begin PBXNativeTarget section */
		3EE1F34724473437002223E4 /* Card Match */ = {
			isa = PBXNativeTarget;
			buildConfigurationList = 3EE1F35C24473438002223E4 /* Build configuration list for PBXNativeTarget "Card Match" */;
			buildPhases = (
				3EE1F34424473437002223E4 /* Sources */,
				3EE1F34524473437002223E4 /* Frameworks */,
				3EE1F34624473437002223E4 /* Resources */,
			);
			buildRules = (
			);
			dependencies = (
			);
			name = "Card Match";
			productName = "Card Match";
			productReference = 3EE1F34824473437002223E4 /* Card Match.app */;
			productType = "com.apple.product-type.application";
		};
/* End PBXNativeTarget section */

/* Begin PBXProject section */
		3EE1F34024473437002223E4 /* Project object */ = {
			isa = PBXProject;
			attributes = {
				LastSwiftUpdateCheck = 1140;
				LastUpgradeCheck = 1140;
				ORGANIZATIONNAME = "Scout Crooke";
				TargetAttributes = {
					3EE1F34724473437002223E4 = {
						CreatedOnToolsVersion = 11.4;
					};
				};
			};
			buildConfigurationList = 3EE1F34324473437002223E4 /* Build configuration list for PBXProject "Card Match" */;
			compatibilityVersion = "Xcode 9.3";
			developmentRegion = en;
			hasScannedForEncodings = 0;
			knownRegions = (
				en,
				Base,
			);
			mainGroup = 3EE1F33F24473437002223E4;
			productRefGroup = 3EE1F34924473437002223E4 /* Products */;
			projectDirPath = "";
			projectRoot = "";
			targets = (
				3EE1F34724473437002223E4 /* Card Match */,
			);
		};
/* End PBXProject section */

/* Begin PBXResourcesBuildPhase section */
		3EE1F34624473437002223E4 /* Resources */ = {
			isa = PBXResourcesBuildPhase;
			buildActionMask = 2147483647;
			files = (
				3EE1F35824473438002223E4 /* LaunchScreen.storyboard in Resources */,
				3EE1F35524473438002223E4 /* Assets.xcassets in Resources */,
				3EE1F35324473437002223E4 /* Main.storyboard in Resources */,
			);
			runOnlyForDeploymentPostprocessing = 0;
		};
/* End PBXResourcesBuildPhase section */

/* Begin PBXSourcesBuildPhase section */
		3EE1F34424473437002223E4 /* Sources */ = {
			isa = PBXSourcesBuildPhase;
			buildActionMask = 2147483647;
			files = (
				3EE1F35024473437002223E4 /* ViewController.swift in Sources */,
				3EE1F360244896E1002223E4 /* CardModel.swift in Sources */,
				3EE1F3622448A34D002223E4 /* Card.swift in Sources */,
				3EE1F34C24473437002223E4 /* AppDelegate.swift in Sources */,
				3EE1F34E24473437002223E4 /* SceneDelegate.swift in Sources */,
			);
			runOnlyForDeploymentPostprocessing = 0;
		};
/* End PBXSourcesBuildPhase section */

/* Begin PBXVariantGroup section */
		3EE1F35124473437002223E4 /* Main.storyboard */ = {
			isa = PBXVariantGroup;
			children = (
				3EE1F35224473437002223E4 /* Base */,
			);
			name = Main.storyboard;
			sourceTree = "<group>";
		};
		3EE1F35624473438002223E4 /* LaunchScreen.storyboard */ = {
			isa = PBXVariantGroup;
			children = (
				3EE1F35724473438002223E4 /* Base */,
			);
			name = LaunchScreen.storyboard;
			sourceTree = "<group>";
		};
/* End PBXVariantGroup section */

/* Begin XCBuildConfiguration section */
		3EE1F35A24473438002223E4 /* Debug */ = {
			isa = XCBuildConfiguration;
			buildSettings = {
				ALWAYS_SEARCH_USER_PATHS = NO;
				CLANG_ANALYZER_NONNULL = YES;
				CLANG_ANALYZER_NUMBER_OBJECT_CONVERSION = YES_AGGRESSIVE;
				CLANG_CXX_LANGUAGE_STANDARD = "gnu++14";
				CLANG_CXX_LIBRARY = "libc++";
				CLANG_ENABLE_MODULES = YES;
				CLANG_ENABLE_OBJC_ARC = YES;
				CLANG_ENABLE_OBJC_WEAK = YES;
				CLANG_WARN_BLOCK_CAPTURE_AUTORELEASING = YES;
				CLANG_WARN_BOOL_CONVERSION = YES;
				CLANG_WARN_COMMA = YES;
				CLANG_WARN_CONSTANT_CONVERSION = YES;
				CLANG_WARN_DEPRECATED_OBJC_IMPLEMENTATIONS = YES;
				CLANG_WARN_DIRECT_OBJC_ISA_USAGE = YES_ERROR;
				CLANG_WARN_DOCUMENTATION_COMMENTS = YES;
				CLANG_WARN_EMPTY_BODY = YES;
				CLANG_WARN_ENUM_CONVERSION = YES;
				CLANG_WARN_INFINITE_RECURSION = YES;
				CLANG_WARN_INT_CONVERSION = YES;
				CLANG_WARN_NON_LITERAL_NULL_CONVERSION = YES;
				CLANG_WARN_OBJC_IMPLICIT_RETAIN_SELF = YES;
				CLANG_WARN_OBJC_LITERAL_CONVERSION = YES;
				CLANG_WARN_OBJC_ROOT_CLASS = YES_ERROR;
				CLANG_WARN_RANGE_LOOP_ANALYSIS = YES;
				CLANG_WARN_STRICT_PROTOTYPES = YES;
				CLANG_WARN_SUSPICIOUS_MOVE = YES;
				CLANG_WARN_UNGUARDED_AVAILABILITY = YES_AGGRESSIVE;
				CLANG_WARN_UNREACHABLE_CODE = YES;
				CLANG_WARN__DUPLICATE_METHOD_MATCH = YES;
				COPY_PHASE_STRIP = NO;
				DEBUG_INFORMATION_FORMAT = dwarf;
				ENABLE_STRICT_OBJC_MSGSEND = YES;
				ENABLE_TESTABILITY = YES;
				GCC_C_LANGUAGE_STANDARD = gnu11;
				GCC_DYNAMIC_NO_PIC = NO;
				GCC_NO_COMMON_BLOCKS = YES;
				GCC_OPTIMIZATION_LEVEL = 0;
				GCC_PREPROCESSOR_DEFINITIONS = (
					"DEBUG=1",
					"$(inherited)",
				);
				GCC_WARN_64_TO_32_BIT_CONVERSION = YES;
				GCC_WARN_ABOUT_RETURN_TYPE = YES_ERROR;
				GCC_WARN_UNDECLARED_SELECTOR = YES;
				GCC_WARN_UNINITIALIZED_AUTOS = YES_AGGRESSIVE;
				GCC_WARN_UNUSED_FUNCTION = YES;
				GCC_WARN_UNUSED_VARIABLE = YES;
				IPHONEOS_DEPLOYMENT_TARGET = 13.4;
				MTL_ENABLE_DEBUG_INFO = INCLUDE_SOURCE;
				MTL_FAST_MATH = YES;
				ONLY_ACTIVE_ARCH = YES;
				SDKROOT = iphoneos;
				SWIFT_ACTIVE_COMPILATION_CONDITIONS = DEBUG;
				SWIFT_OPTIMIZATION_LEVEL = "-Onone";
			};
			name = Debug;
		};
		3EE1F35B24473438002223E4 /* Release */ = {
			isa = XCBuildConfiguration;
			buildSettings = {
				ALWAYS_SEARCH_USER_PATHS = NO;
				CLANG_ANALYZER_NONNULL = YES;
				CLANG_ANALYZER_NUMBER_OBJECT_CONVERSION = YES_AGGRESSIVE;
				CLANG_CXX_LANGUAGE_STANDARD = "gnu++14";
				CLANG_CXX_LIBRARY = "libc++";
				CLANG_ENABLE_MODULES = YES;
				CLANG_ENABLE_OBJC_ARC = YES;
				CLANG_ENABLE_OBJC_WEAK = YES;
				CLANG_WARN_BLOCK_CAPTURE_AUTORELEASING = YES;
				CLANG_WARN_BOOL_CONVERSION = YES;
				CLANG_WARN_COMMA = YES;
				CLANG_WARN_CONSTANT_CONVERSION = YES;
				CLANG_WARN_DEPRECATED_OBJC_IMPLEMENTATIONS = YES;
				CLANG_WARN_DIRECT_OBJC_ISA_USAGE = YES_ERROR;
				CLANG_WARN_DOCUMENTATION_COMMENTS = YES;
				CLANG_WARN_EMPTY_BODY = YES;
				CLANG_WARN_ENUM_CONVERSION = YES;
				CLANG_WARN_INFINITE_RECURSION = YES;
				CLANG_WARN_INT_CONVERSION = YES;
				CLANG_WARN_NON_LITERAL_NULL_CONVERSION = YES;
				CLANG_WARN_OBJC_IMPLICIT_RETAIN_SELF = YES;
				CLANG_WARN_OBJC_LITERAL_CONVERSION = YES;
				CLANG_WARN_OBJC_ROOT_CLASS = YES_ERROR;
				CLANG_WARN_RANGE_LOOP_ANALYSIS = YES;
				CLANG_WARN_STRICT_PROTOTYPES = YES;
				CLANG_WARN_SUSPICIOUS_MOVE = YES;
				CLANG_WARN_UNGUARDED_AVAILABILITY = YES_AGGRESSIVE;
				CLANG_WARN_UNREACHABLE_CODE = YES;
				CLANG_WARN__DUPLICATE_METHOD_MATCH = YES;
				COPY_PHASE_STRIP = NO;
				DEBUG_INFORMATION_FORMAT = "dwarf-with-dsym";
				ENABLE_NS_ASSERTIONS = NO;
				ENABLE_STRICT_OBJC_MSGSEND = YES;
				GCC_C_LANGUAGE_STANDARD = gnu11;
				GCC_NO_COMMON_BLOCKS = YES;
				GCC_WARN_64_TO_32_BIT_CONVERSION = YES;
				GCC_WARN_ABOUT_RETURN_TYPE = YES_ERROR;
				GCC_WARN_UNDECLARED_SELECTOR = YES;
				GCC_WARN_UNINITIALIZED_AUTOS = YES_AGGRESSIVE;
				GCC_WARN_UNUSED_FUNCTION = YES;
				GCC_WARN_UNUSED_VARIABLE = YES;
				IPHONEOS_DEPLOYMENT_TARGET = 13.4;
				MTL_ENABLE_DEBUG_INFO = NO;
				MTL_FAST_MATH = YES;
				SDKROOT = iphoneos;
				SWIFT_COMPILATION_MODE = wholemodule;
				SWIFT_OPTIMIZATION_LEVEL = "-O";
				VALIDATE_PRODUCT = YES;
			};
			name = Release;
		};
		3EE1F35D24473438002223E4 /* Debug */ = {
			isa = XCBuildConfiguration;
			buildSettings = {
				ASSETCATALOG_COMPILER_APPICON_NAME = AppIcon;
				CODE_SIGN_STYLE = Automatic;
				INFOPLIST_FILE = "Card Match/Info.plist";
				LD_RUNPATH_SEARCH_PATHS = (
					"$(inherited)",
					"@executable_path/Frameworks",
				);
				PRODUCT_BUNDLE_IDENTIFIER = "org.ssfs.Card-Match";
				PRODUCT_NAME = "$(TARGET_NAME)";
				SWIFT_VERSION = 5.0;
				TARGETED_DEVICE_FAMILY = "1,2";
			};
			name = Debug;
		};
		3EE1F35E24473438002223E4 /* Release */ = {
			isa = XCBuildConfiguration;
			buildSettings = {
				ASSETCATALOG_COMPILER_APPICON_NAME = AppIcon;
				CODE_SIGN_STYLE = Automatic;
				INFOPLIST_FILE = "Card Match/Info.plist";
				LD_RUNPATH_SEARCH_PATHS = (
					"$(inherited)",
					"@executable_path/Frameworks",
				);
				PRODUCT_BUNDLE_IDENTIFIER = "org.ssfs.Card-Match";
				PRODUCT_NAME = "$(TARGET_NAME)";
				SWIFT_VERSION = 5.0;
				TARGETED_DEVICE_FAMILY = "1,2";
			};
			name = Release;
		};
/* End XCBuildConfiguration section */

/* Begin XCConfigurationList section */
		3EE1F34324473437002223E4 /* Build configuration list for PBXProject "Card Match" */ = {
			isa = XCConfigurationList;
			buildConfigurations = (
				3EE1F35A24473438002223E4 /* Debug */,
				3EE1F35B24473438002223E4 /* Release */,
			);
			defaultConfigurationIsVisible = 0;
			defaultConfigurationName = Release;
		};
		3EE1F35C24473438002223E4 /* Build configuration list for PBXNativeTarget "Card Match" */ = {
			isa = XCConfigurationList;
			buildConfigurations = (
				3EE1F35D24473438002223E4 /* Debug */,
				3EE1F35E24473438002223E4 /* Release */,
			);
			defaultConfigurationIsVisible = 0;
			defaultConfigurationName = Release;
		};
/* End XCConfigurationList section */
	};
	rootObject = 3EE1F34024473437002223E4 /* Project object */;
}
